
Microsoft Visual Studio Solution File, Format Version 12.00
# Visual Studio Version 17
VisualStudioVersion = 17.3.32929.385
MinimumVisualStudioVersion = 10.0.40219.1
Project("{FAE04EC0-301F-11D3-BF4B-00C04F79EFBC}") = "YoutubeLiveChatSharp", "YoutubeLiveChatSharp\YoutubeLiveChatSharp.csproj", "{D4B92BD9-7D0D-48F9-BB27-9503B8C9B838}"
EndProject
Project("{FAE04EC0-301F-11D3-BF4B-00C04F79EFBC}") = "Test", "Test\Test.csproj", "{98EBBD63-AF7A-408C-BAB6-0C5E4571613C}"
EndProject
Global
	GlobalSection(SolutionConfigurationPlatforms) = preSolution
		Debug|Any CPU = Debug|Any CPU
		Release|Any CPU = Release|Any CPU
	EndGlobalSection
	GlobalSection(ProjectConfigurationPlatforms) = postSolution
		{D4B92BD9-7D0D-48F9-BB27-9503B8C9B838}.Debug|Any CPU.ActiveCfg = Debug|Any CPU
		{D4B92BD9-7D0D-48F9-BB27-9503B8C9B838}.Debug|Any CPU.Build.0 = Debug|Any CPU
		{D4B92BD9-7D0D-48F9-BB27-9503B8C9B838}.Release|Any CPU.ActiveCfg = Release|Any CPU
		{D4B92BD9-7D0D-48F9-BB27-9503B8C9B838}.Release|Any CPU.Build.0 = Release|Any CPU
		{98EBBD63-AF7A-408C-BAB6-0C5E4571613C}.Debug|Any CPU.ActiveCfg = Debug|Any CPU
		{98EBBD63-AF7A-408C-BAB6-0C5E4571613C}.Debug|Any CPU.Build.0 = Debug|Any CPU
		{98EBBD63-AF7A-408C-BAB6-0C5E4571613C}.Release|Any CPU.ActiveCfg = Release|Any CPU
		{98EBBD63-AF7A-408C-BAB6-0C5E4571613C}.Release|Any CPU.Build.0 = Release|Any CPU
	EndGlobalSection
	GlobalSection(SolutionProperties) = preSolution
		HideSolutionNode = FALSE
	EndGlobalSection
	GlobalSection(ExtensibilityGlobals) = postSolution
		SolutionGuid = {04FCE1A9-8688-4F4B-828C-7D7C67B4CCE2}
	EndGlobalSection
EndGlobal
